{
  "version": 4,
  "terraform_version": "1.4.6",
  "serial": 26,
  "lineage": "9a9e3266-569e-7fca-a59f-4203b202a022",
  "outputs": {},
  "resources": [
    {
      "mode": "managed",
      "type": "yandex_compute_instance",
      "name": "vm-debian1",
      "provider": "provider[\"registry.terraform.io/yandex-cloud/yandex\"]",
      "instances": [
        {
          "schema_version": 1,
          "attributes": {
            "allow_stopping_for_update": true,
            "boot_disk": [
              {
                "auto_delete": true,
                "device_name": "fhm52gvgt0icvl4234vk",
                "disk_id": "fhm52gvgt0icvl4234vk",
                "initialize_params": [
                  {
                    "block_size": 4096,
                    "description": "",
                    "image_id": "fd836i84upn7i2rsjvu2",
                    "name": "",
                    "size": 10,
                    "snapshot_id": "",
                    "type": "network-hdd"
                  }
                ],
                "mode": "READ_WRITE"
              }
            ],
            "created_at": "2023-06-06T13:58:54Z",
            "description": "",
            "folder_id": "b1gppd4nkf0vv6ldlbod",
            "fqdn": "fhm9qmbc07lfgtqbk0b0.auto.internal",
            "hostname": "fhm9qmbc07lfgtqbk0b0",
            "id": "fhm9qmbc07lfgtqbk0b0",
            "labels": null,
            "metadata": {
              "user-data": "#cloud-config\nusers:\n  - name: mivainer\n    groups: sudo\n    shell: /bin/bash\n    sudo: ['ALL=(ALL) NOPASSWD:ALL']\n    ssh-authorized-keys:\n      - ssh-rsa AAAAB3NzaC1yc2EAAAADAQABAAABgQDsD+pLXYFThWnzn4MiTTQ24g/mpwPwvPpvnoH3pKYwWpil7B7uqSFok1zsQj4IDqrZHjM7ymt6E3Dh/6Y4X9a4ueOCOLDtspVy/cwoKnDt04cIAcHLrnxbfhzDv0utLAF3hUIHZBBJjIsWX1cZrhZPLSSYsaKNs/A25jG/o+kiObNGScYLiOcG09gclDy8wQ/GiZOGYMgHTeLoVW/PdvkfnMytslCe1Bzw/r1h9LVPC1z2n4C1Lv1AQ5RFOK3TXLqQIOHuojk44+1+wO2bfkYQGUvOgja/96bZyAEBA/aA9oLLAYUXZusToJ4AwUe8Jm2cmpd+r/pPO3WpLHYKcaC0fxNuNpaOvHyXwz6iuGLMe+/tYL6YImH+g1pPevfrWHXJEmlRYwRfrjtRCVzjqbtx3NQvDj6eH9+Vj9QuoHqlzuRQG69fCwNYtFpCE4/Wdr67d3YaIVN+tSxRwX3LIfPvB9Eyw+V+nUH6o1ORgSYqT6Yw0hVtR5LCGYmHUKwTm0k=\n"
            },
            "name": "terraform-debian1",
            "network_acceleration_type": "standard",
            "network_interface": [
              {
                "dns_record": [],
                "index": 0,
                "ip_address": "192.168.15.32",
                "ipv4": true,
                "ipv6": false,
                "ipv6_address": "",
                "ipv6_dns_record": [],
                "mac_address": "d0:0d:9d:59:6c:01",
                "nat": true,
                "nat_dns_record": [],
                "nat_ip_address": "84.201.158.128",
                "nat_ip_version": "IPV4",
                "security_group_ids": [],
                "subnet_id": "e9bdlamvav9l15ed9e0g"
              }
            ],
            "placement_policy": [
              {
                "host_affinity_rules": [],
                "placement_group_id": ""
              }
            ],
            "platform_id": "standard-v1",
            "resources": [
              {
                "core_fraction": 100,
                "cores": 2,
                "gpus": 0,
                "memory": 2
              }
            ],
            "scheduling_policy": [
              {
                "preemptible": false
              }
            ],
            "secondary_disk": [],
            "service_account_id": "",
            "status": "running",
            "timeouts": null,
            "zone": "ru-central1-a"
          },
          "sensitive_attributes": [],
          "private": "eyJlMmJmYjczMC1lY2FhLTExZTYtOGY4OC0zNDM2M2JjN2M0YzAiOnsiY3JlYXRlIjozMDAwMDAwMDAwMDAsImRlbGV0ZSI6MzAwMDAwMDAwMDAwLCJ1cGRhdGUiOjMwMDAwMDAwMDAwMH0sInNjaGVtYV92ZXJzaW9uIjoiMSJ9",
          "dependencies": [
            "yandex_vpc_network.network_terraform",
            "yandex_vpc_subnet.subnet_terraform"
          ]
        }
      ]
    },
    {
      "mode": "managed",
      "type": "yandex_compute_instance",
      "name": "vm-debian2",
      "provider": "provider[\"registry.terraform.io/yandex-cloud/yandex\"]",
      "instances": [
        {
          "schema_version": 1,
          "attributes": {
            "allow_stopping_for_update": true,
            "boot_disk": [
              {
                "auto_delete": true,
                "device_name": "fhmdjmm0bn60icl51fos",
                "disk_id": "fhmdjmm0bn60icl51fos",
                "initialize_params": [
                  {
                    "block_size": 4096,
                    "description": "",
                    "image_id": "fd836i84upn7i2rsjvu2",
                    "name": "",
                    "size": 10,
                    "snapshot_id": "",
                    "type": "network-hdd"
                  }
                ],
                "mode": "READ_WRITE"
              }
            ],
            "created_at": "2023-06-06T13:58:54Z",
            "description": "",
            "folder_id": "b1gppd4nkf0vv6ldlbod",
            "fqdn": "fhm7q9lq5vtefouimgoa.auto.internal",
            "hostname": "fhm7q9lq5vtefouimgoa",
            "id": "fhm7q9lq5vtefouimgoa",
            "labels": null,
            "metadata": {
              "user-data": "#cloud-config\nusers:\n  - name: mivainer\n    groups: sudo\n    shell: /bin/bash\n    sudo: ['ALL=(ALL) NOPASSWD:ALL']\n    ssh-authorized-keys:\n      - ssh-rsa AAAAB3NzaC1yc2EAAAADAQABAAABgQDsD+pLXYFThWnzn4MiTTQ24g/mpwPwvPpvnoH3pKYwWpil7B7uqSFok1zsQj4IDqrZHjM7ymt6E3Dh/6Y4X9a4ueOCOLDtspVy/cwoKnDt04cIAcHLrnxbfhzDv0utLAF3hUIHZBBJjIsWX1cZrhZPLSSYsaKNs/A25jG/o+kiObNGScYLiOcG09gclDy8wQ/GiZOGYMgHTeLoVW/PdvkfnMytslCe1Bzw/r1h9LVPC1z2n4C1Lv1AQ5RFOK3TXLqQIOHuojk44+1+wO2bfkYQGUvOgja/96bZyAEBA/aA9oLLAYUXZusToJ4AwUe8Jm2cmpd+r/pPO3WpLHYKcaC0fxNuNpaOvHyXwz6iuGLMe+/tYL6YImH+g1pPevfrWHXJEmlRYwRfrjtRCVzjqbtx3NQvDj6eH9+Vj9QuoHqlzuRQG69fCwNYtFpCE4/Wdr67d3YaIVN+tSxRwX3LIfPvB9Eyw+V+nUH6o1ORgSYqT6Yw0hVtR5LCGYmHUKwTm0k=\n"
            },
            "name": "terraform-debian2",
            "network_acceleration_type": "standard",
            "network_interface": [
              {
                "dns_record": [],
                "index": 0,
                "ip_address": "192.168.15.33",
                "ipv4": true,
                "ipv6": false,
                "ipv6_address": "",
                "ipv6_dns_record": [],
                "mac_address": "d0:0d:7d:26:ba:2f",
                "nat": true,
                "nat_dns_record": [],
                "nat_ip_address": "158.160.60.178",
                "nat_ip_version": "IPV4",
                "security_group_ids": [],
                "subnet_id": "e9bdlamvav9l15ed9e0g"
              }
            ],
            "placement_policy": [
              {
                "host_affinity_rules": [],
                "placement_group_id": ""
              }
            ],
            "platform_id": "standard-v1",
            "resources": [
              {
                "core_fraction": 100,
                "cores": 2,
                "gpus": 0,
                "memory": 2
              }
            ],
            "scheduling_policy": [
              {
                "preemptible": false
              }
            ],
            "secondary_disk": [],
            "service_account_id": "",
            "status": "running",
            "timeouts": null,
            "zone": "ru-central1-a"
          },
          "sensitive_attributes": [],
          "private": "eyJlMmJmYjczMC1lY2FhLTExZTYtOGY4OC0zNDM2M2JjN2M0YzAiOnsiY3JlYXRlIjozMDAwMDAwMDAwMDAsImRlbGV0ZSI6MzAwMDAwMDAwMDAwLCJ1cGRhdGUiOjMwMDAwMDAwMDAwMH0sInNjaGVtYV92ZXJzaW9uIjoiMSJ9",
          "dependencies": [
            "yandex_vpc_network.network_terraform",
            "yandex_vpc_subnet.subnet_terraform"
          ]
        }
      ]
    },
    {
      "mode": "managed",
      "type": "yandex_vpc_network",
      "name": "network_terraform",
      "provider": "provider[\"registry.terraform.io/yandex-cloud/yandex\"]",
      "instances": [
        {
          "schema_version": 0,
          "attributes": {
            "created_at": "2023-06-06T13:58:51Z",
            "default_security_group_id": "",
            "description": "",
            "folder_id": "b1gppd4nkf0vv6ldlbod",
            "id": "enpccprf851ikg9k29p9",
            "labels": {},
            "name": "network_terraform",
            "subnet_ids": [],
            "timeouts": null
          },
          "sensitive_attributes": [],
          "private": "eyJlMmJmYjczMC1lY2FhLTExZTYtOGY4OC0zNDM2M2JjN2M0YzAiOnsiY3JlYXRlIjo2MDAwMDAwMDAwMCwiZGVsZXRlIjo2MDAwMDAwMDAwMCwidXBkYXRlIjo2MDAwMDAwMDAwMH19"
        }
      ]
    },
    {
      "mode": "managed",
      "type": "yandex_vpc_subnet",
      "name": "subnet_terraform",
      "provider": "provider[\"registry.terraform.io/yandex-cloud/yandex\"]",
      "instances": [
        {
          "schema_version": 0,
          "attributes": {
            "created_at": "2023-06-06T13:58:52Z",
            "description": "",
            "dhcp_options": [],
            "folder_id": "b1gppd4nkf0vv6ldlbod",
            "id": "e9bdlamvav9l15ed9e0g",
            "labels": {},
            "name": "subnet_terraform",
            "network_id": "enpccprf851ikg9k29p9",
            "route_table_id": "",
            "timeouts": null,
            "v4_cidr_blocks": [
              "192.168.15.0/24"
            ],
            "v6_cidr_blocks": [],
            "zone": "ru-central1-a"
          },
          "sensitive_attributes": [],
          "private": "eyJlMmJmYjczMC1lY2FhLTExZTYtOGY4OC0zNDM2M2JjN2M0YzAiOnsiY3JlYXRlIjoxODAwMDAwMDAwMDAsImRlbGV0ZSI6MTgwMDAwMDAwMDAwLCJ1cGRhdGUiOjE4MDAwMDAwMDAwMH19",
          "dependencies": [
            "yandex_vpc_network.network_terraform"
          ]
        }
      ]
    }
  ],
  "check_results": null
}
